// !$*UTF8*$!
{
	archiveVersion = 1;
	classes = {
	};
	objectVersion = 52;
	objects = {

/* Begin PBXBuildFile section */
		9B650CAC25C0FF0A000FC0B5 /* MovieListMenuListView.swift in Sources */ = {isa = PBXBuildFile; fileRef = 9B650CAB25C0FF0A000FC0B5 /* MovieListMenuListView.swift */; };
		9B650CAF25C0FF2D000FC0B5 /* MovieListMenuListViewModel.swift in Sources */ = {isa = PBXBuildFile; fileRef = 9B650CAE25C0FF2D000FC0B5 /* MovieListMenuListViewModel.swift */; };
		9B650CB225C162F2000FC0B5 /* MovieDetailView.swift in Sources */ = {isa = PBXBuildFile; fileRef = 9B650CB125C162F2000FC0B5 /* MovieDetailView.swift */; };
		9B650CB525C16440000FC0B5 /* MovieDetailViewModel.swift in Sources */ = {isa = PBXBuildFile; fileRef = 9B650CB425C16440000FC0B5 /* MovieDetailViewModel.swift */; };
		9B650CB825C16DD9000FC0B5 /* MovieDetailHeaderView.swift in Sources */ = {isa = PBXBuildFile; fileRef = 9B650CB725C16DD9000FC0B5 /* MovieDetailHeaderView.swift */; };
		9B866E1A25B6B2CC003BC41D /* APIService.swift in Sources */ = {isa = PBXBuildFile; fileRef = 9B866E1925B6B2CC003BC41D /* APIService.swift */; };
		9B866E1D25B6E3D4003BC41D /* MovieListMenu.swift in Sources */ = {isa = PBXBuildFile; fileRef = 9B866E1C25B6E3D4003BC41D /* MovieListMenu.swift */; };
		9B866E2025B7CB49003BC41D /* AppUserDefaults.swift in Sources */ = {isa = PBXBuildFile; fileRef = 9B866E1F25B7CB49003BC41D /* AppUserDefaults.swift */; };
		9B866E2325B7CBAA003BC41D /* UserDefaultWrapper.swift in Sources */ = {isa = PBXBuildFile; fileRef = 9B866E2225B7CBAA003BC41D /* UserDefaultWrapper.swift */; };
		9B866E2625B7CD34003BC41D /* Movie.swift in Sources */ = {isa = PBXBuildFile; fileRef = 9B866E2525B7CD34003BC41D /* Movie.swift */; };
		9B866E2925B7CDD6003BC41D /* MovieListPageResponse.swift in Sources */ = {isa = PBXBuildFile; fileRef = 9B866E2825B7CDD6003BC41D /* MovieListPageResponse.swift */; };
		9B866E2C25B7DCE1003BC41D /* MovieListView.swift in Sources */ = {isa = PBXBuildFile; fileRef = 9B866E2B25B7DCE1003BC41D /* MovieListView.swift */; };
		9B866E2F25B8006C003BC41D /* MovieListMenuSelector.swift in Sources */ = {isa = PBXBuildFile; fileRef = 9B866E2E25B8006C003BC41D /* MovieListMenuSelector.swift */; };
		9B866E3225B83723003BC41D /* MovieListRow.swift in Sources */ = {isa = PBXBuildFile; fileRef = 9B866E3125B83723003BC41D /* MovieListRow.swift */; };
		9B866E3625B840CB003BC41D /* SDWebImageSwiftUI in Frameworks */ = {isa = PBXBuildFile; productRef = 9B866E3525B840CB003BC41D /* SDWebImageSwiftUI */; };
		9B87D8E825BA7B5D00360BB0 /* MovieGenre.swift in Sources */ = {isa = PBXBuildFile; fileRef = 9B87D8E725BA7B5D00360BB0 /* MovieGenre.swift */; };
		9B87D8EC25BA7CE800360BB0 /* MovieListGenreView.swift in Sources */ = {isa = PBXBuildFile; fileRef = 9B87D8EB25BA7CE800360BB0 /* MovieListGenreView.swift */; };
		9B87D8F025BA80BC00360BB0 /* MovieGenreDetailListView.swift in Sources */ = {isa = PBXBuildFile; fileRef = 9B87D8EF25BA80BC00360BB0 /* MovieGenreDetailListView.swift */; };
		9B87D8F725BAC0BD00360BB0 /* MovieGenreDetailListViewModel.swift in Sources */ = {isa = PBXBuildFile; fileRef = 9B87D8F625BAC0BD00360BB0 /* MovieGenreDetailListViewModel.swift */; };
		9B87D8FA25BAC1D900360BB0 /* MovieSort.swift in Sources */ = {isa = PBXBuildFile; fileRef = 9B87D8F925BAC1D900360BB0 /* MovieSort.swift */; };
		9B87D8FF25BACFC000360BB0 /* Introspect in Frameworks */ = {isa = PBXBuildFile; productRef = 9B87D8FE25BACFC000360BB0 /* Introspect */; };
		9B8A896C25B92E36008CC899 /* Color-Extensions.swift in Sources */ = {isa = PBXBuildFile; fileRef = 9B8A896B25B92E36008CC899 /* Color-Extensions.swift */; };
		9B8A896F25B92EC3008CC899 /* Font-Extensions.swift in Sources */ = {isa = PBXBuildFile; fileRef = 9B8A896E25B92EC3008CC899 /* Font-Extensions.swift */; };
		9B8A897325B95A43008CC899 /* MoviePopularityBadge.swift in Sources */ = {isa = PBXBuildFile; fileRef = 9B8A897225B95A43008CC899 /* MoviePopularityBadge.swift */; };
		9B927CAD25BFF5A700177EE9 /* MoiveListGridView.swift in Sources */ = {isa = PBXBuildFile; fileRef = 9B927CAC25BFF5A700177EE9 /* MoiveListGridView.swift */; };
		9B927CB025BFF5BE00177EE9 /* MovieListGridViewModel.swift in Sources */ = {isa = PBXBuildFile; fileRef = 9B927CAF25BFF5BE00177EE9 /* MovieListGridViewModel.swift */; };
		9B927CB325C0162300177EE9 /* MovieListGridRowView.swift in Sources */ = {isa = PBXBuildFile; fileRef = 9B927CB225C0162300177EE9 /* MovieListGridRowView.swift */; };
		9B97EF4B25C2A80F0036BE6D /* MovieReview.swift in Sources */ = {isa = PBXBuildFile; fileRef = 9B97EF4A25C2A80F0036BE6D /* MovieReview.swift */; };
		9B97EF4E25C2B5EF0036BE6D /* MovieReviewsView.swift in Sources */ = {isa = PBXBuildFile; fileRef = 9B97EF4D25C2B5EF0036BE6D /* MovieReviewsView.swift */; };
		9BA8228525B53DDB00A12F29 /* LearnMovieSwiftUIApp.swift in Sources */ = {isa = PBXBuildFile; fileRef = 9BA8228425B53DDB00A12F29 /* LearnMovieSwiftUIApp.swift */; };
		9BA8228725B53DDB00A12F29 /* ContentView.swift in Sources */ = {isa = PBXBuildFile; fileRef = 9BA8228625B53DDB00A12F29 /* ContentView.swift */; };
		9BA8228925B53DDB00A12F29 /* Assets.xcassets in Resources */ = {isa = PBXBuildFile; fileRef = 9BA8228825B53DDB00A12F29 /* Assets.xcassets */; };
		9BA8228C25B53DDB00A12F29 /* Preview Assets.xcassets in Resources */ = {isa = PBXBuildFile; fileRef = 9BA8228B25B53DDB00A12F29 /* Preview Assets.xcassets */; };
		9BA8228E25B53DDB00A12F29 /* Persistence.swift in Sources */ = {isa = PBXBuildFile; fileRef = 9BA8228D25B53DDB00A12F29 /* Persistence.swift */; };
		9BA8229125B53DDB00A12F29 /* LearnMovieSwiftUI.xcdatamodeld in Sources */ = {isa = PBXBuildFile; fileRef = 9BA8228F25B53DDB00A12F29 /* LearnMovieSwiftUI.xcdatamodeld */; };
		9BA822A125B5662B00A12F29 /* FjallaOne-Regular.ttf in Resources */ = {isa = PBXBuildFile; fileRef = 9BA822A025B5662B00A12F29 /* FjallaOne-Regular.ttf */; };
		9BA822B525B567A400A12F29 /* MovieListHomeView.swift in Sources */ = {isa = PBXBuildFile; fileRef = 9BA822B425B567A400A12F29 /* MovieListHomeView.swift */; };
		9BA822B925B5682000A12F29 /* MovieDiscoverHomeView.swift in Sources */ = {isa = PBXBuildFile; fileRef = 9BA822B825B5682000A12F29 /* MovieDiscoverHomeView.swift */; };
		9BA822BD25B5685400A12F29 /* MovieFanClubHomeView.swift in Sources */ = {isa = PBXBuildFile; fileRef = 9BA822BC25B5685400A12F29 /* MovieFanClubHomeView.swift */; };
		9BA822C025B5686C00A12F29 /* MovieMyListHomeView.swift in Sources */ = {isa = PBXBuildFile; fileRef = 9BA822BF25B5686C00A12F29 /* MovieMyListHomeView.swift */; };
		9BA822C525B56A3500A12F29 /* MovieTabbarView.swift in Sources */ = {isa = PBXBuildFile; fileRef = 9BA822C425B56A3500A12F29 /* MovieTabbarView.swift */; };
		9BA822C825B5904E00A12F29 /* MovieListHomeViewModel.swift in Sources */ = {isa = PBXBuildFile; fileRef = 9BA822C725B5904E00A12F29 /* MovieListHomeViewModel.swift */; };
/* End PBXBuildFile section */

/* Begin PBXFileReference section */
		9B650CAB25C0FF0A000FC0B5 /* MovieListMenuListView.swift */ = {isa = PBXFileReference; lastKnownFileType = sourcecode.swift; path = MovieListMenuListView.swift; sourceTree = "<group>"; };
		9B650CAE25C0FF2D000FC0B5 /* MovieListMenuListViewModel.swift */ = {isa = PBXFileReference; lastKnownFileType = sourcecode.swift; path = MovieListMenuListViewModel.swift; sourceTree = "<group>"; };
		9B650CB125C162F2000FC0B5 /* MovieDetailView.swift */ = {isa = PBXFileReference; lastKnownFileType = sourcecode.swift; path = MovieDetailView.swift; sourceTree = "<group>"; };
		9B650CB425C16440000FC0B5 /* MovieDetailViewModel.swift */ = {isa = PBXFileReference; lastKnownFileType = sourcecode.swift; path = MovieDetailViewModel.swift; sourceTree = "<group>"; };
		9B650CB725C16DD9000FC0B5 /* MovieDetailHeaderView.swift */ = {isa = PBXFileReference; lastKnownFileType = sourcecode.swift; path = MovieDetailHeaderView.swift; sourceTree = "<group>"; };
		9B866E1925B6B2CC003BC41D /* APIService.swift */ = {isa = PBXFileReference; lastKnownFileType = sourcecode.swift; path = APIService.swift; sourceTree = "<group>"; };
		9B866E1C25B6E3D4003BC41D /* MovieListMenu.swift */ = {isa = PBXFileReference; lastKnownFileType = sourcecode.swift; path = MovieListMenu.swift; sourceTree = "<group>"; };
		9B866E1F25B7CB49003BC41D /* AppUserDefaults.swift */ = {isa = PBXFileReference; lastKnownFileType = sourcecode.swift; path = AppUserDefaults.swift; sourceTree = "<group>"; };
		9B866E2225B7CBAA003BC41D /* UserDefaultWrapper.swift */ = {isa = PBXFileReference; lastKnownFileType = sourcecode.swift; path = UserDefaultWrapper.swift; sourceTree = "<group>"; };
		9B866E2525B7CD34003BC41D /* Movie.swift */ = {isa = PBXFileReference; lastKnownFileType = sourcecode.swift; path = Movie.swift; sourceTree = "<group>"; };
		9B866E2825B7CDD6003BC41D /* MovieListPageResponse.swift */ = {isa = PBXFileReference; lastKnownFileType = sourcecode.swift; path = MovieListPageResponse.swift; sourceTree = "<group>"; };
		9B866E2B25B7DCE1003BC41D /* MovieListView.swift */ = {isa = PBXFileReference; lastKnownFileType = sourcecode.swift; path = MovieListView.swift; sourceTree = "<group>"; };
		9B866E2E25B8006C003BC41D /* MovieListMenuSelector.swift */ = {isa = PBXFileReference; lastKnownFileType = sourcecode.swift; path = MovieListMenuSelector.swift; sourceTree = "<group>"; };
		9B866E3125B83723003BC41D /* MovieListRow.swift */ = {isa = PBXFileReference; lastKnownFileType = sourcecode.swift; path = MovieListRow.swift; sourceTree = "<group>"; };
		9B87D8E725BA7B5D00360BB0 /* MovieGenre.swift */ = {isa = PBXFileReference; lastKnownFileType = sourcecode.swift; path = MovieGenre.swift; sourceTree = "<group>"; };
		9B87D8EB25BA7CE800360BB0 /* MovieListGenreView.swift */ = {isa = PBXFileReference; lastKnownFileType = sourcecode.swift; path = MovieListGenreView.swift; sourceTree = "<group>"; };
		9B87D8EF25BA80BC00360BB0 /* MovieGenreDetailListView.swift */ = {isa = PBXFileReference; lastKnownFileType = sourcecode.swift; path = MovieGenreDetailListView.swift; sourceTree = "<group>"; };
		9B87D8F625BAC0BD00360BB0 /* MovieGenreDetailListViewModel.swift */ = {isa = PBXFileReference; lastKnownFileType = sourcecode.swift; path = MovieGenreDetailListViewModel.swift; sourceTree = "<group>"; };
		9B87D8F925BAC1D900360BB0 /* MovieSort.swift */ = {isa = PBXFileReference; lastKnownFileType = sourcecode.swift; path = MovieSort.swift; sourceTree = "<group>"; };
		9B8A896B25B92E36008CC899 /* Color-Extensions.swift */ = {isa = PBXFileReference; lastKnownFileType = sourcecode.swift; path = "Color-Extensions.swift"; sourceTree = "<group>"; };
		9B8A896E25B92EC3008CC899 /* Font-Extensions.swift */ = {isa = PBXFileReference; lastKnownFileType = sourcecode.swift; path = "Font-Extensions.swift"; sourceTree = "<group>"; };
		9B8A897225B95A43008CC899 /* MoviePopularityBadge.swift */ = {isa = PBXFileReference; lastKnownFileType = sourcecode.swift; path = MoviePopularityBadge.swift; sourceTree = "<group>"; };
		9B927CAC25BFF5A700177EE9 /* MoiveListGridView.swift */ = {isa = PBXFileReference; lastKnownFileType = sourcecode.swift; path = MoiveListGridView.swift; sourceTree = "<group>"; };
		9B927CAF25BFF5BE00177EE9 /* MovieListGridViewModel.swift */ = {isa = PBXFileReference; lastKnownFileType = sourcecode.swift; path = MovieListGridViewModel.swift; sourceTree = "<group>"; };
		9B927CB225C0162300177EE9 /* MovieListGridRowView.swift */ = {isa = PBXFileReference; lastKnownFileType = sourcecode.swift; path = MovieListGridRowView.swift; sourceTree = "<group>"; };
		9B97EF4A25C2A80F0036BE6D /* MovieReview.swift */ = {isa = PBXFileReference; lastKnownFileType = sourcecode.swift; path = MovieReview.swift; sourceTree = "<group>"; };
		9B97EF4D25C2B5EF0036BE6D /* MovieReviewsView.swift */ = {isa = PBXFileReference; lastKnownFileType = sourcecode.swift; path = MovieReviewsView.swift; sourceTree = "<group>"; };
		9BA8228125B53DDB00A12F29 /* LearnMovieSwiftUI.app */ = {isa = PBXFileReference; explicitFileType = wrapper.application; includeInIndex = 0; path = LearnMovieSwiftUI.app; sourceTree = BUILT_PRODUCTS_DIR; };
		9BA8228425B53DDB00A12F29 /* LearnMovieSwiftUIApp.swift */ = {isa = PBXFileReference; lastKnownFileType = sourcecode.swift; path = LearnMovieSwiftUIApp.swift; sourceTree = "<group>"; };
		9BA8228625B53DDB00A12F29 /* ContentView.swift */ = {isa = PBXFileReference; lastKnownFileType = sourcecode.swift; path = ContentView.swift; sourceTree = "<group>"; };
		9BA8228825B53DDB00A12F29 /* Assets.xcassets */ = {isa = PBXFileReference; lastKnownFileType = folder.assetcatalog; path = Assets.xcassets; sourceTree = "<group>"; };
		9BA8228B25B53DDB00A12F29 /* Preview Assets.xcassets */ = {isa = PBXFileReference; lastKnownFileType = folder.assetcatalog; path = "Preview Assets.xcassets"; sourceTree = "<group>"; };
		9BA8228D25B53DDB00A12F29 /* Persistence.swift */ = {isa = PBXFileReference; lastKnownFileType = sourcecode.swift; path = Persistence.swift; sourceTree = "<group>"; };
		9BA8229025B53DDB00A12F29 /* LearnMovieSwiftUI.xcdatamodel */ = {isa = PBXFileReference; lastKnownFileType = wrapper.xcdatamodel; path = LearnMovieSwiftUI.xcdatamodel; sourceTree = "<group>"; };
		9BA8229225B53DDB00A12F29 /* Info.plist */ = {isa = PBXFileReference; lastKnownFileType = text.plist.xml; path = Info.plist; sourceTree = "<group>"; };
		9BA822A025B5662B00A12F29 /* FjallaOne-Regular.ttf */ = {isa = PBXFileReference; lastKnownFileType = file; path = "FjallaOne-Regular.ttf"; sourceTree = "<group>"; };
		9BA822B425B567A400A12F29 /* MovieListHomeView.swift */ = {isa = PBXFileReference; lastKnownFileType = sourcecode.swift; path = MovieListHomeView.swift; sourceTree = "<group>"; };
		9BA822B825B5682000A12F29 /* MovieDiscoverHomeView.swift */ = {isa = PBXFileReference; lastKnownFileType = sourcecode.swift; path = MovieDiscoverHomeView.swift; sourceTree = "<group>"; };
		9BA822BC25B5685400A12F29 /* MovieFanClubHomeView.swift */ = {isa = PBXFileReference; lastKnownFileType = sourcecode.swift; path = MovieFanClubHomeView.swift; sourceTree = "<group>"; };
		9BA822BF25B5686C00A12F29 /* MovieMyListHomeView.swift */ = {isa = PBXFileReference; lastKnownFileType = sourcecode.swift; path = MovieMyListHomeView.swift; sourceTree = "<group>"; };
		9BA822C425B56A3500A12F29 /* MovieTabbarView.swift */ = {isa = PBXFileReference; lastKnownFileType = sourcecode.swift; path = MovieTabbarView.swift; sourceTree = "<group>"; };
		9BA822C725B5904E00A12F29 /* MovieListHomeViewModel.swift */ = {isa = PBXFileReference; lastKnownFileType = sourcecode.swift; path = MovieListHomeViewModel.swift; sourceTree = "<group>"; };
/* End PBXFileReference section */

/* Begin PBXFrameworksBuildPhase section */
		9BA8227E25B53DDB00A12F29 /* Frameworks */ = {
			isa = PBXFrameworksBuildPhase;
			buildActionMask = 2147483647;
			files = (
				9B866E3625B840CB003BC41D /* SDWebImageSwiftUI in Frameworks */,
				9B87D8FF25BACFC000360BB0 /* Introspect in Frameworks */,
			);
			runOnlyForDeploymentPostprocessing = 0;
		};
/* End PBXFrameworksBuildPhase section */

/* Begin PBXGroup section */
		9B866E1825B6B2A6003BC41D /* Shared */ = {
			isa = PBXGroup;
			children = (
				9B8A897125B95A26008CC899 /* UI */,
				9B866E1925B6B2CC003BC41D /* APIService.swift */,
				9B8A896B25B92E36008CC899 /* Color-Extensions.swift */,
				9B8A896E25B92EC3008CC899 /* Font-Extensions.swift */,
			);
			path = Shared;
			sourceTree = "<group>";
		};
		9B8A897125B95A26008CC899 /* UI */ = {
			isa = PBXGroup;
			children = (
				9B8A897225B95A43008CC899 /* MoviePopularityBadge.swift */,
			);
			path = UI;
			sourceTree = "<group>";
		};
		9BA8227825B53DDB00A12F29 = {
			isa = PBXGroup;
			children = (
				9BA8228325B53DDB00A12F29 /* LearnMovieSwiftUI */,
				9BA8228225B53DDB00A12F29 /* Products */,
			);
			sourceTree = "<group>";
		};
		9BA8228225B53DDB00A12F29 /* Products */ = {
			isa = PBXGroup;
			children = (
				9BA8228125B53DDB00A12F29 /* LearnMovieSwiftUI.app */,
			);
			name = Products;
			sourceTree = "<group>";
		};
		9BA8228325B53DDB00A12F29 /* LearnMovieSwiftUI */ = {
			isa = PBXGroup;
			children = (
				9B866E1825B6B2A6003BC41D /* Shared */,
				9BA822C225B5693700A12F29 /* App */,
				9BA822A525B566D300A12F29 /* MyLists */,
				9BA822A425B566C200A12F29 /* FanClub */,
				9BA822A325B566A400A12F29 /* Discover */,
				9BA8229A25B565A400A12F29 /* Resources */,
				9BA8229925B5659A00A12F29 /* Movies */,
				9BA8229225B53DDB00A12F29 /* Info.plist */,
				9BA8228F25B53DDB00A12F29 /* LearnMovieSwiftUI.xcdatamodeld */,
				9BA8228A25B53DDB00A12F29 /* Preview Content */,
			);
			path = LearnMovieSwiftUI;
			sourceTree = "<group>";
		};
		9BA8228A25B53DDB00A12F29 /* Preview Content */ = {
			isa = PBXGroup;
			children = (
				9BA8228B25B53DDB00A12F29 /* Preview Assets.xcassets */,
			);
			path = "Preview Content";
			sourceTree = "<group>";
		};
		9BA8229925B5659A00A12F29 /* Movies */ = {
			isa = PBXGroup;
			children = (
				9BA822AA25B5673200A12F29 /* ViewModels */,
				9BA822A925B5672300A12F29 /* Models */,
				9BA822A825B5671600A12F29 /* Views */,
			);
			path = Movies;
			sourceTree = "<group>";
		};
		9BA8229A25B565A400A12F29 /* Resources */ = {
			isa = PBXGroup;
			children = (
				9BA8228825B53DDB00A12F29 /* Assets.xcassets */,
				9BA822A025B5662B00A12F29 /* FjallaOne-Regular.ttf */,
			);
			path = Resources;
			sourceTree = "<group>";
		};
		9BA822A325B566A400A12F29 /* Discover */ = {
			isa = PBXGroup;
			children = (
				9BA822AD25B5675600A12F29 /* ViewModels */,
				9BA822AC25B5675100A12F29 /* Models */,
				9BA822AB25B5674B00A12F29 /* Views */,
			);
			path = Discover;
			sourceTree = "<group>";
		};
		9BA822A425B566C200A12F29 /* FanClub */ = {
			isa = PBXGroup;
			children = (
				9BA822B025B5676600A12F29 /* ViewModels */,
				9BA822AF25B5676100A12F29 /* Models */,
				9BA822AE25B5675C00A12F29 /* Views */,
			);
			path = FanClub;
			sourceTree = "<group>";
		};
		9BA822A525B566D300A12F29 /* MyLists */ = {
			isa = PBXGroup;
			children = (
				9BA822B325B5677400A12F29 /* ViewModels */,
				9BA822B225B5676F00A12F29 /* Models */,
				9BA822B125B5676B00A12F29 /* Views */,
			);
			path = MyLists;
			sourceTree = "<group>";
		};
		9BA822A825B5671600A12F29 /* Views */ = {
			isa = PBXGroup;
			children = (
				9BA822B425B567A400A12F29 /* MovieListHomeView.swift */,
				9B866E2B25B7DCE1003BC41D /* MovieListView.swift */,
				9B866E2E25B8006C003BC41D /* MovieListMenuSelector.swift */,
				9B866E3125B83723003BC41D /* MovieListRow.swift */,
				9B87D8EB25BA7CE800360BB0 /* MovieListGenreView.swift */,
				9B87D8EF25BA80BC00360BB0 /* MovieGenreDetailListView.swift */,
				9B927CAC25BFF5A700177EE9 /* MoiveListGridView.swift */,
				9B927CB225C0162300177EE9 /* MovieListGridRowView.swift */,
				9B650CAB25C0FF0A000FC0B5 /* MovieListMenuListView.swift */,
				9B650CB125C162F2000FC0B5 /* MovieDetailView.swift */,
				9B650CB725C16DD9000FC0B5 /* MovieDetailHeaderView.swift */,
				9B97EF4D25C2B5EF0036BE6D /* MovieReviewsView.swift */,
			);
			path = Views;
			sourceTree = "<group>";
		};
		9BA822A925B5672300A12F29 /* Models */ = {
			isa = PBXGroup;
			children = (
				9B866E1C25B6E3D4003BC41D /* MovieListMenu.swift */,
				9B866E2525B7CD34003BC41D /* Movie.swift */,
				9B866E2825B7CDD6003BC41D /* MovieListPageResponse.swift */,
				9B87D8E725BA7B5D00360BB0 /* MovieGenre.swift */,
				9B87D8F925BAC1D900360BB0 /* MovieSort.swift */,
				9B97EF4A25C2A80F0036BE6D /* MovieReview.swift */,
			);
			path = Models;
			sourceTree = "<group>";
		};
		9BA822AA25B5673200A12F29 /* ViewModels */ = {
			isa = PBXGroup;
			children = (
				9BA822C725B5904E00A12F29 /* MovieListHomeViewModel.swift */,
				9B87D8F625BAC0BD00360BB0 /* MovieGenreDetailListViewModel.swift */,
				9B927CAF25BFF5BE00177EE9 /* MovieListGridViewModel.swift */,
				9B650CAE25C0FF2D000FC0B5 /* MovieListMenuListViewModel.swift */,
				9B650CB425C16440000FC0B5 /* MovieDetailViewModel.swift */,
			);
			path = ViewModels;
			sourceTree = "<group>";
		};
		9BA822AB25B5674B00A12F29 /* Views */ = {
			isa = PBXGroup;
			children = (
				9BA822B825B5682000A12F29 /* MovieDiscoverHomeView.swift */,
			);
			path = Views;
			sourceTree = "<group>";
		};
		9BA822AC25B5675100A12F29 /* Models */ = {
			isa = PBXGroup;
			children = (
			);
			path = Models;
			sourceTree = "<group>";
		};
		9BA822AD25B5675600A12F29 /* ViewModels */ = {
			isa = PBXGroup;
			children = (
			);
			path = ViewModels;
			sourceTree = "<group>";
		};
		9BA822AE25B5675C00A12F29 /* Views */ = {
			isa = PBXGroup;
			children = (
				9BA822BC25B5685400A12F29 /* MovieFanClubHomeView.swift */,
			);
			path = Views;
			sourceTree = "<group>";
		};
		9BA822AF25B5676100A12F29 /* Models */ = {
			isa = PBXGroup;
			children = (
			);
			path = Models;
			sourceTree = "<group>";
		};
		9BA822B025B5676600A12F29 /* ViewModels */ = {
			isa = PBXGroup;
			children = (
			);
			path = ViewModels;
			sourceTree = "<group>";
		};
		9BA822B125B5676B00A12F29 /* Views */ = {
			isa = PBXGroup;
			children = (
				9BA822BF25B5686C00A12F29 /* MovieMyListHomeView.swift */,
			);
			path = Views;
			sourceTree = "<group>";
		};
		9BA822B225B5676F00A12F29 /* Models */ = {
			isa = PBXGroup;
			children = (
			);
			path = Models;
			sourceTree = "<group>";
		};
		9BA822B325B5677400A12F29 /* ViewModels */ = {
			isa = PBXGroup;
			children = (
			);
			path = ViewModels;
			sourceTree = "<group>";
		};
		9BA822C225B5693700A12F29 /* App */ = {
			isa = PBXGroup;
			children = (
				9BA8228425B53DDB00A12F29 /* LearnMovieSwiftUIApp.swift */,
				9BA8228625B53DDB00A12F29 /* ContentView.swift */,
				9BA8228D25B53DDB00A12F29 /* Persistence.swift */,
				9BA822C425B56A3500A12F29 /* MovieTabbarView.swift */,
				9B866E1F25B7CB49003BC41D /* AppUserDefaults.swift */,
				9B866E2225B7CBAA003BC41D /* UserDefaultWrapper.swift */,
			);
			path = App;
			sourceTree = "<group>";
		};
/* End PBXGroup section */

/* Begin PBXNativeTarget section */
		9BA8228025B53DDB00A12F29 /* LearnMovieSwiftUI */ = {
			isa = PBXNativeTarget;
			buildConfigurationList = 9BA8229525B53DDB00A12F29 /* Build configuration list for PBXNativeTarget "LearnMovieSwiftUI" */;
			buildPhases = (
				9BA8227D25B53DDB00A12F29 /* Sources */,
				9BA8227E25B53DDB00A12F29 /* Frameworks */,
				9BA8227F25B53DDB00A12F29 /* Resources */,
			);
			buildRules = (
			);
			dependencies = (
			);
			name = LearnMovieSwiftUI;
			packageProductDependencies = (
				9B866E3525B840CB003BC41D /* SDWebImageSwiftUI */,
				9B87D8FE25BACFC000360BB0 /* Introspect */,
			);
			productName = LearnMovieSwiftUI;
			productReference = 9BA8228125B53DDB00A12F29 /* LearnMovieSwiftUI.app */;
			productType = "com.apple.product-type.application";
		};
/* End PBXNativeTarget section */

/* Begin PBXProject section */
		9BA8227925B53DDB00A12F29 /* Project object */ = {
			isa = PBXProject;
			attributes = {
				LastSwiftUpdateCheck = 1230;
				LastUpgradeCheck = 1230;
				TargetAttributes = {
					9BA8228025B53DDB00A12F29 = {
						CreatedOnToolsVersion = 12.3;
					};
				};
			};
			buildConfigurationList = 9BA8227C25B53DDB00A12F29 /* Build configuration list for PBXProject "LearnMovieSwiftUI" */;
			compatibilityVersion = "Xcode 9.3";
			developmentRegion = en;
			hasScannedForEncodings = 0;
			knownRegions = (
				en,
				Base,
			);
			mainGroup = 9BA8227825B53DDB00A12F29;
			packageReferences = (
				9B866E3425B840CB003BC41D /* XCRemoteSwiftPackageReference "SDWebImageSwiftUI" */,
				9B87D8FD25BACFC000360BB0 /* XCRemoteSwiftPackageReference "SwiftUI-Introspect" */,
			);
			productRefGroup = 9BA8228225B53DDB00A12F29 /* Products */;
			projectDirPath = "";
			projectRoot = "";
			targets = (
				9BA8228025B53DDB00A12F29 /* LearnMovieSwiftUI */,
			);
		};
/* End PBXProject section */

/* Begin PBXResourcesBuildPhase section */
		9BA8227F25B53DDB00A12F29 /* Resources */ = {
			isa = PBXResourcesBuildPhase;
			buildActionMask = 2147483647;
			files = (
				9BA8228C25B53DDB00A12F29 /* Preview Assets.xcassets in Resources */,
				9BA8228925B53DDB00A12F29 /* Assets.xcassets in Resources */,
				9BA822A125B5662B00A12F29 /* FjallaOne-Regular.ttf in Resources */,
			);
			runOnlyForDeploymentPostprocessing = 0;
		};
/* End PBXResourcesBuildPhase section */

/* Begin PBXSourcesBuildPhase section */
		9BA8227D25B53DDB00A12F29 /* Sources */ = {
			isa = PBXSourcesBuildPhase;
			buildActionMask = 2147483647;
			files = (
				9B87D8FA25BAC1D900360BB0 /* MovieSort.swift in Sources */,
				9BA8228E25B53DDB00A12F29 /* Persistence.swift in Sources */,
				9B8A896C25B92E36008CC899 /* Color-Extensions.swift in Sources */,
				9B87D8E825BA7B5D00360BB0 /* MovieGenre.swift in Sources */,
				9B87D8EC25BA7CE800360BB0 /* MovieListGenreView.swift in Sources */,
				9B927CB025BFF5BE00177EE9 /* MovieListGridViewModel.swift in Sources */,
				9BA822B925B5682000A12F29 /* MovieDiscoverHomeView.swift in Sources */,
				9BA822C025B5686C00A12F29 /* MovieMyListHomeView.swift in Sources */,
				9B650CAF25C0FF2D000FC0B5 /* MovieListMenuListViewModel.swift in Sources */,
				9B866E2C25B7DCE1003BC41D /* MovieListView.swift in Sources */,
				9BA8228725B53DDB00A12F29 /* ContentView.swift in Sources */,
				9B87D8F025BA80BC00360BB0 /* MovieGenreDetailListView.swift in Sources */,
				9B866E1A25B6B2CC003BC41D /* APIService.swift in Sources */,
				9B927CB325C0162300177EE9 /* MovieListGridRowView.swift in Sources */,
				9B650CB525C16440000FC0B5 /* MovieDetailViewModel.swift in Sources */,
				9BA8228525B53DDB00A12F29 /* LearnMovieSwiftUIApp.swift in Sources */,
				9BA822BD25B5685400A12F29 /* MovieFanClubHomeView.swift in Sources */,
				9B866E2F25B8006C003BC41D /* MovieListMenuSelector.swift in Sources */,
				9B866E3225B83723003BC41D /* MovieListRow.swift in Sources */,
				9BA822B525B567A400A12F29 /* MovieListHomeView.swift in Sources */,
				9B866E2025B7CB49003BC41D /* AppUserDefaults.swift in Sources */,
				9B8A896F25B92EC3008CC899 /* Font-Extensions.swift in Sources */,
				9B650CB225C162F2000FC0B5 /* MovieDetailView.swift in Sources */,
				9B650CB825C16DD9000FC0B5 /* MovieDetailHeaderView.swift in Sources */,
				9BA822C525B56A3500A12F29 /* MovieTabbarView.swift in Sources */,
				9B927CAD25BFF5A700177EE9 /* MoiveListGridView.swift in Sources */,
				9B866E2325B7CBAA003BC41D /* UserDefaultWrapper.swift in Sources */,
				9BA822C825B5904E00A12F29 /* MovieListHomeViewModel.swift in Sources */,
				9BA8229125B53DDB00A12F29 /* LearnMovieSwiftUI.xcdatamodeld in Sources */,
				9B866E1D25B6E3D4003BC41D /* MovieListMenu.swift in Sources */,
				9B97EF4B25C2A80F0036BE6D /* MovieReview.swift in Sources */,
				9B97EF4E25C2B5EF0036BE6D /* MovieReviewsView.swift in Sources */,
				9B650CAC25C0FF0A000FC0B5 /* MovieListMenuListView.swift in Sources */,
				9B866E2925B7CDD6003BC41D /* MovieListPageResponse.swift in Sources */,
				9B866E2625B7CD34003BC41D /* Movie.swift in Sources */,
				9B87D8F725BAC0BD00360BB0 /* MovieGenreDetailListViewModel.swift in Sources */,
				9B8A897325B95A43008CC899 /* MoviePopularityBadge.swift in Sources */,
			);
			runOnlyForDeploymentPostprocessing = 0;
		};
/* End PBXSourcesBuildPhase section */

/* Begin XCBuildConfiguration section */
		9BA8229325B53DDB00A12F29 /* Debug */ = {
			isa = XCBuildConfiguration;
			buildSettings = {
				ALWAYS_SEARCH_USER_PATHS = NO;
				CLANG_ANALYZER_NONNULL = YES;
				CLANG_ANALYZER_NUMBER_OBJECT_CONVERSION = YES_AGGRESSIVE;
				CLANG_CXX_LANGUAGE_STANDARD = "gnu++14";
				CLANG_CXX_LIBRARY = "libc++";
				CLANG_ENABLE_MODULES = YES;
				CLANG_ENABLE_OBJC_ARC = YES;
				CLANG_ENABLE_OBJC_WEAK = YES;
				CLANG_WARN_BLOCK_CAPTURE_AUTORELEASING = YES;
				CLANG_WARN_BOOL_CONVERSION = YES;
				CLANG_WARN_COMMA = YES;
				CLANG_WARN_CONSTANT_CONVERSION = YES;
				CLANG_WARN_DEPRECATED_OBJC_IMPLEMENTATIONS = YES;
				CLANG_WARN_DIRECT_OBJC_ISA_USAGE = YES_ERROR;
				CLANG_WARN_DOCUMENTATION_COMMENTS = YES;
				CLANG_WARN_EMPTY_BODY = YES;
				CLANG_WARN_ENUM_CONVERSION = YES;
				CLANG_WARN_INFINITE_RECURSION = YES;
				CLANG_WARN_INT_CONVERSION = YES;
				CLANG_WARN_NON_LITERAL_NULL_CONVERSION = YES;
				CLANG_WARN_OBJC_IMPLICIT_RETAIN_SELF = YES;
				CLANG_WARN_OBJC_LITERAL_CONVERSION = YES;
				CLANG_WARN_OBJC_ROOT_CLASS = YES_ERROR;
				CLANG_WARN_QUOTED_INCLUDE_IN_FRAMEWORK_HEADER = YES;
				CLANG_WARN_RANGE_LOOP_ANALYSIS = YES;
				CLANG_WARN_STRICT_PROTOTYPES = YES;
				CLANG_WARN_SUSPICIOUS_MOVE = YES;
				CLANG_WARN_UNGUARDED_AVAILABILITY = YES_AGGRESSIVE;
				CLANG_WARN_UNREACHABLE_CODE = YES;
				CLANG_WARN__DUPLICATE_METHOD_MATCH = YES;
				COPY_PHASE_STRIP = NO;
				DEBUG_INFORMATION_FORMAT = dwarf;
				ENABLE_STRICT_OBJC_MSGSEND = YES;
				ENABLE_TESTABILITY = YES;
				GCC_C_LANGUAGE_STANDARD = gnu11;
				GCC_DYNAMIC_NO_PIC = NO;
				GCC_NO_COMMON_BLOCKS = YES;
				GCC_OPTIMIZATION_LEVEL = 0;
				GCC_PREPROCESSOR_DEFINITIONS = (
					"DEBUG=1",
					"$(inherited)",
				);
				GCC_WARN_64_TO_32_BIT_CONVERSION = YES;
				GCC_WARN_ABOUT_RETURN_TYPE = YES_ERROR;
				GCC_WARN_UNDECLARED_SELECTOR = YES;
				GCC_WARN_UNINITIALIZED_AUTOS = YES_AGGRESSIVE;
				GCC_WARN_UNUSED_FUNCTION = YES;
				GCC_WARN_UNUSED_VARIABLE = YES;
				IPHONEOS_DEPLOYMENT_TARGET = 14.3;
				MTL_ENABLE_DEBUG_INFO = INCLUDE_SOURCE;
				MTL_FAST_MATH = YES;
				ONLY_ACTIVE_ARCH = YES;
				SDKROOT = iphoneos;
				SWIFT_ACTIVE_COMPILATION_CONDITIONS = DEBUG;
				SWIFT_OPTIMIZATION_LEVEL = "-Onone";
			};
			name = Debug;
		};
		9BA8229425B53DDB00A12F29 /* Release */ = {
			isa = XCBuildConfiguration;
			buildSettings = {
				ALWAYS_SEARCH_USER_PATHS = NO;
				CLANG_ANALYZER_NONNULL = YES;
				CLANG_ANALYZER_NUMBER_OBJECT_CONVERSION = YES_AGGRESSIVE;
				CLANG_CXX_LANGUAGE_STANDARD = "gnu++14";
				CLANG_CXX_LIBRARY = "libc++";
				CLANG_ENABLE_MODULES = YES;
				CLANG_ENABLE_OBJC_ARC = YES;
				CLANG_ENABLE_OBJC_WEAK = YES;
				CLANG_WARN_BLOCK_CAPTURE_AUTORELEASING = YES;
				CLANG_WARN_BOOL_CONVERSION = YES;
				CLANG_WARN_COMMA = YES;
				CLANG_WARN_CONSTANT_CONVERSION = YES;
				CLANG_WARN_DEPRECATED_OBJC_IMPLEMENTATIONS = YES;
				CLANG_WARN_DIRECT_OBJC_ISA_USAGE = YES_ERROR;
				CLANG_WARN_DOCUMENTATION_COMMENTS = YES;
				CLANG_WARN_EMPTY_BODY = YES;
				CLANG_WARN_ENUM_CONVERSION = YES;
				CLANG_WARN_INFINITE_RECURSION = YES;
				CLANG_WARN_INT_CONVERSION = YES;
				CLANG_WARN_NON_LITERAL_NULL_CONVERSION = YES;
				CLANG_WARN_OBJC_IMPLICIT_RETAIN_SELF = YES;
				CLANG_WARN_OBJC_LITERAL_CONVERSION = YES;
				CLANG_WARN_OBJC_ROOT_CLASS = YES_ERROR;
				CLANG_WARN_QUOTED_INCLUDE_IN_FRAMEWORK_HEADER = YES;
				CLANG_WARN_RANGE_LOOP_ANALYSIS = YES;
				CLANG_WARN_STRICT_PROTOTYPES = YES;
				CLANG_WARN_SUSPICIOUS_MOVE = YES;
				CLANG_WARN_UNGUARDED_AVAILABILITY = YES_AGGRESSIVE;
				CLANG_WARN_UNREACHABLE_CODE = YES;
				CLANG_WARN__DUPLICATE_METHOD_MATCH = YES;
				COPY_PHASE_STRIP = NO;
				DEBUG_INFORMATION_FORMAT = "dwarf-with-dsym";
				ENABLE_NS_ASSERTIONS = NO;
				ENABLE_STRICT_OBJC_MSGSEND = YES;
				GCC_C_LANGUAGE_STANDARD = gnu11;
				GCC_NO_COMMON_BLOCKS = YES;
				GCC_WARN_64_TO_32_BIT_CONVERSION = YES;
				GCC_WARN_ABOUT_RETURN_TYPE = YES_ERROR;
				GCC_WARN_UNDECLARED_SELECTOR = YES;
				GCC_WARN_UNINITIALIZED_AUTOS = YES_AGGRESSIVE;
				GCC_WARN_UNUSED_FUNCTION = YES;
				GCC_WARN_UNUSED_VARIABLE = YES;
				IPHONEOS_DEPLOYMENT_TARGET = 14.3;
				MTL_ENABLE_DEBUG_INFO = NO;
				MTL_FAST_MATH = YES;
				SDKROOT = iphoneos;
				SWIFT_COMPILATION_MODE = wholemodule;
				SWIFT_OPTIMIZATION_LEVEL = "-O";
				VALIDATE_PRODUCT = YES;
			};
			name = Release;
		};
		9BA8229625B53DDB00A12F29 /* Debug */ = {
			isa = XCBuildConfiguration;
			buildSettings = {
				ASSETCATALOG_COMPILER_APPICON_NAME = AppIcon;
				ASSETCATALOG_COMPILER_GLOBAL_ACCENT_COLOR_NAME = AccentColor;
				CODE_SIGN_STYLE = Automatic;
				DEVELOPMENT_ASSET_PATHS = "\"LearnMovieSwiftUI/Preview Content\"";
				DEVELOPMENT_TEAM = W43ZYD89UJ;
				ENABLE_PREVIEWS = YES;
				INFOPLIST_FILE = LearnMovieSwiftUI/Info.plist;
				IPHONEOS_DEPLOYMENT_TARGET = 14.0;
				LD_RUNPATH_SEARCH_PATHS = (
					"$(inherited)",
					"@executable_path/Frameworks",
				);
				PRODUCT_BUNDLE_IDENTIFIER = LearnMovieSwiftUI.LearnMovieSwiftUI.machao.com;
				PRODUCT_NAME = "$(TARGET_NAME)";
				SWIFT_VERSION = 5.0;
				TARGETED_DEVICE_FAMILY = "1,2";
			};
			name = Debug;
		};
		9BA8229725B53DDB00A12F29 /* Release */ = {
			isa = XCBuildConfiguration;
			buildSettings = {
				ASSETCATALOG_COMPILER_APPICON_NAME = AppIcon;
				ASSETCATALOG_COMPILER_GLOBAL_ACCENT_COLOR_NAME = AccentColor;
				CODE_SIGN_STYLE = Automatic;
				DEVELOPMENT_ASSET_PATHS = "\"LearnMovieSwiftUI/Preview Content\"";
				DEVELOPMENT_TEAM = W43ZYD89UJ;
				ENABLE_PREVIEWS = YES;
				INFOPLIST_FILE = LearnMovieSwiftUI/Info.plist;
				IPHONEOS_DEPLOYMENT_TARGET = 14.0;
				LD_RUNPATH_SEARCH_PATHS = (
					"$(inherited)",
					"@executable_path/Frameworks",
				);
				PRODUCT_BUNDLE_IDENTIFIER = LearnMovieSwiftUI.LearnMovieSwiftUI.machao.com;
				PRODUCT_NAME = "$(TARGET_NAME)";
				SWIFT_VERSION = 5.0;
				TARGETED_DEVICE_FAMILY = "1,2";
			};
			name = Release;
		};
/* End XCBuildConfiguration section */

/* Begin XCConfigurationList section */
		9BA8227C25B53DDB00A12F29 /* Build configuration list for PBXProject "LearnMovieSwiftUI" */ = {
			isa = XCConfigurationList;
			buildConfigurations = (
				9BA8229325B53DDB00A12F29 /* Debug */,
				9BA8229425B53DDB00A12F29 /* Release */,
			);
			defaultConfigurationIsVisible = 0;
			defaultConfigurationName = Release;
		};
		9BA8229525B53DDB00A12F29 /* Build configuration list for PBXNativeTarget "LearnMovieSwiftUI" */ = {
			isa = XCConfigurationList;
			buildConfigurations = (
				9BA8229625B53DDB00A12F29 /* Debug */,
				9BA8229725B53DDB00A12F29 /* Release */,
			);
			defaultConfigurationIsVisible = 0;
			defaultConfigurationName = Release;
		};
/* End XCConfigurationList section */

/* Begin XCRemoteSwiftPackageReference section */
		9B866E3425B840CB003BC41D /* XCRemoteSwiftPackageReference "SDWebImageSwiftUI" */ = {
			isa = XCRemoteSwiftPackageReference;
			repositoryURL = "https://github.com/SDWebImage/SDWebImageSwiftUI.git";
			requirement = {
				kind = upToNextMajorVersion;
				minimumVersion = 1.5.0;
			};
		};
		9B87D8FD25BACFC000360BB0 /* XCRemoteSwiftPackageReference "SwiftUI-Introspect" */ = {
			isa = XCRemoteSwiftPackageReference;
			repositoryURL = "https://github.com/siteline/SwiftUI-Introspect.git";
			requirement = {
				kind = upToNextMajorVersion;
				minimumVersion = 0.1.2;
			};
		};
/* End XCRemoteSwiftPackageReference section */

/* Begin XCSwiftPackageProductDependency section */
		9B866E3525B840CB003BC41D /* SDWebImageSwiftUI */ = {
			isa = XCSwiftPackageProductDependency;
			package = 9B866E3425B840CB003BC41D /* XCRemoteSwiftPackageReference "SDWebImageSwiftUI" */;
			productName = SDWebImageSwiftUI;
		};
		9B87D8FE25BACFC000360BB0 /* Introspect */ = {
			isa = XCSwiftPackageProductDependency;
			package = 9B87D8FD25BACFC000360BB0 /* XCRemoteSwiftPackageReference "SwiftUI-Introspect" */;
			productName = Introspect;
		};
/* End XCSwiftPackageProductDependency section */

/* Begin XCVersionGroup section */
		9BA8228F25B53DDB00A12F29 /* LearnMovieSwiftUI.xcdatamodeld */ = {
			isa = XCVersionGroup;
			children = (
				9BA8229025B53DDB00A12F29 /* LearnMovieSwiftUI.xcdatamodel */,
			);
			currentVersion = 9BA8229025B53DDB00A12F29 /* LearnMovieSwiftUI.xcdatamodel */;
			path = LearnMovieSwiftUI.xcdatamodeld;
			sourceTree = "<group>";
			versionGroupType = wrapper.xcdatamodel;
		};
/* End XCVersionGroup section */
	};
	rootObject = 9BA8227925B53DDB00A12F29 /* Project object */;
}
